
Microsoft Visual Studio Solution File, Format Version 12.00
# Visual Studio Version 16
VisualStudioVersion = 16.0.32802.440
MinimumVisualStudioVersion = 10.0.40219.1
Project("{FAE04EC0-301F-11D3-BF4B-00C04F79EFBC}") = "Vista", "Vista\Vista.csproj", "{81DEE4B9-C85A-4349-B010-B9AB9CE0D108}"
EndProject
Project("{FAE04EC0-301F-11D3-BF4B-00C04F79EFBC}") = "Modelo", "Modelo\Modelo.csproj", "{30F32749-A10D-4A41-BD25-5519D0C25449}"
EndProject
Global
	GlobalSection(SolutionConfigurationPlatforms) = preSolution
		Debug|Any CPU = Debug|Any CPU
		Release|Any CPU = Release|Any CPU
	EndGlobalSection
	GlobalSection(ProjectConfigurationPlatforms) = postSolution
		{81DEE4B9-C85A-4349-B010-B9AB9CE0D108}.Debug|Any CPU.ActiveCfg = Debug|Any CPU
		{81DEE4B9-C85A-4349-B010-B9AB9CE0D108}.Debug|Any CPU.Build.0 = Debug|Any CPU
		{81DEE4B9-C85A-4349-B010-B9AB9CE0D108}.Release|Any CPU.ActiveCfg = Release|Any CPU
		{81DEE4B9-C85A-4349-B010-B9AB9CE0D108}.Release|Any CPU.Build.0 = Release|Any CPU
		{30F32749-A10D-4A41-BD25-5519D0C25449}.Debug|Any CPU.ActiveCfg = Debug|Any CPU
		{30F32749-A10D-4A41-BD25-5519D0C25449}.Debug|Any CPU.Build.0 = Debug|Any CPU
		{30F32749-A10D-4A41-BD25-5519D0C25449}.Release|Any CPU.ActiveCfg = Release|Any CPU
		{30F32749-A10D-4A41-BD25-5519D0C25449}.Release|Any CPU.Build.0 = Release|Any CPU
	EndGlobalSection
	GlobalSection(SolutionProperties) = preSolution
		HideSolutionNode = FALSE
	EndGlobalSection
	GlobalSection(ExtensibilityGlobals) = postSolution
		SolutionGuid = {69045DEE-9238-45DC-9344-5A5FFF5C3C23}
	EndGlobalSection
EndGlobal
